
Microsoft Visual Studio Solution File, Format Version 12.00
# Visual Studio Version 17
VisualStudioVersion = 17.0.31903.59
MinimumVisualStudioVersion = 10.0.40219.1
Project("{FAE04EC0-301F-11D3-BF4B-00C04F79EFBC}") = "QuestionAnswer.BLL", "QuestionAnswer.BLL\QuestionAnswer.BLL.csproj", "{5CD1198B-9D2F-4DF1-B0F0-C0C6D73D68A2}"
EndProject
Project("{FAE04EC0-301F-11D3-BF4B-00C04F79EFBC}") = "QuestionAnswer.DAL", "QuestionAnswer.DAL\QuestionAnswer.DAL.csproj", "{DA0A582F-03F5-444F-932F-A056D4D7377E}"
EndProject
Project("{FAE04EC0-301F-11D3-BF4B-00C04F79EFBC}") = "QuestionAnswer.Domain", "QuestionAnswer.Domain\QuestionAnswer.Domain.csproj", "{A20A6FFC-CC93-4BDC-B33B-FCFCF0D9B58B}"
EndProject
Project("{FAE04EC0-301F-11D3-BF4B-00C04F79EFBC}") = "QuestionAnswer.Contract", "QuestionAnswer.Contract\QuestionAnswer.Contract.csproj", "{99F794B3-B7A2-4A28-A63D-C848FDF4EA94}"
EndProject
Project("{FAE04EC0-301F-11D3-BF4B-00C04F79EFBC}") = "QuestionAnswer.Web", "QuestionAnswer.Web\QuestionAnswer.Web.csproj", "{86C83D4D-020B-4B9A-9A5C-2CBA32030756}"
EndProject
Global
	GlobalSection(SolutionConfigurationPlatforms) = preSolution
		Debug|Any CPU = Debug|Any CPU
		Debug|x64 = Debug|x64
		Debug|x86 = Debug|x86
		Release|Any CPU = Release|Any CPU
		Release|x64 = Release|x64
		Release|x86 = Release|x86
	EndGlobalSection
	GlobalSection(ProjectConfigurationPlatforms) = postSolution
		{5CD1198B-9D2F-4DF1-B0F0-C0C6D73D68A2}.Debug|Any CPU.ActiveCfg = Debug|Any CPU
		{5CD1198B-9D2F-4DF1-B0F0-C0C6D73D68A2}.Debug|Any CPU.Build.0 = Debug|Any CPU
		{5CD1198B-9D2F-4DF1-B0F0-C0C6D73D68A2}.Debug|x64.ActiveCfg = Debug|Any CPU
		{5CD1198B-9D2F-4DF1-B0F0-C0C6D73D68A2}.Debug|x64.Build.0 = Debug|Any CPU
		{5CD1198B-9D2F-4DF1-B0F0-C0C6D73D68A2}.Debug|x86.ActiveCfg = Debug|Any CPU
		{5CD1198B-9D2F-4DF1-B0F0-C0C6D73D68A2}.Debug|x86.Build.0 = Debug|Any CPU
		{5CD1198B-9D2F-4DF1-B0F0-C0C6D73D68A2}.Release|Any CPU.ActiveCfg = Release|Any CPU
		{5CD1198B-9D2F-4DF1-B0F0-C0C6D73D68A2}.Release|Any CPU.Build.0 = Release|Any CPU
		{5CD1198B-9D2F-4DF1-B0F0-C0C6D73D68A2}.Release|x64.ActiveCfg = Release|Any CPU
		{5CD1198B-9D2F-4DF1-B0F0-C0C6D73D68A2}.Release|x64.Build.0 = Release|Any CPU
		{5CD1198B-9D2F-4DF1-B0F0-C0C6D73D68A2}.Release|x86.ActiveCfg = Release|Any CPU
		{5CD1198B-9D2F-4DF1-B0F0-C0C6D73D68A2}.Release|x86.Build.0 = Release|Any CPU
		{DA0A582F-03F5-444F-932F-A056D4D7377E}.Debug|Any CPU.ActiveCfg = Debug|Any CPU
		{DA0A582F-03F5-444F-932F-A056D4D7377E}.Debug|Any CPU.Build.0 = Debug|Any CPU
		{DA0A582F-03F5-444F-932F-A056D4D7377E}.Debug|x64.ActiveCfg = Debug|Any CPU
		{DA0A582F-03F5-444F-932F-A056D4D7377E}.Debug|x64.Build.0 = Debug|Any CPU
		{DA0A582F-03F5-444F-932F-A056D4D7377E}.Debug|x86.ActiveCfg = Debug|Any CPU
		{DA0A582F-03F5-444F-932F-A056D4D7377E}.Debug|x86.Build.0 = Debug|Any CPU
		{DA0A582F-03F5-444F-932F-A056D4D7377E}.Release|Any CPU.ActiveCfg = Release|Any CPU
		{DA0A582F-03F5-444F-932F-A056D4D7377E}.Release|Any CPU.Build.0 = Release|Any CPU
		{DA0A582F-03F5-444F-932F-A056D4D7377E}.Release|x64.ActiveCfg = Release|Any CPU
		{DA0A582F-03F5-444F-932F-A056D4D7377E}.Release|x64.Build.0 = Release|Any CPU
		{DA0A582F-03F5-444F-932F-A056D4D7377E}.Release|x86.ActiveCfg = Release|Any CPU
		{DA0A582F-03F5-444F-932F-A056D4D7377E}.Release|x86.Build.0 = Release|Any CPU
		{A20A6FFC-CC93-4BDC-B33B-FCFCF0D9B58B}.Debug|Any CPU.ActiveCfg = Debug|Any CPU
		{A20A6FFC-CC93-4BDC-B33B-FCFCF0D9B58B}.Debug|Any CPU.Build.0 = Debug|Any CPU
		{A20A6FFC-CC93-4BDC-B33B-FCFCF0D9B58B}.Debug|x64.ActiveCfg = Debug|Any CPU
		{A20A6FFC-CC93-4BDC-B33B-FCFCF0D9B58B}.Debug|x64.Build.0 = Debug|Any CPU
		{A20A6FFC-CC93-4BDC-B33B-FCFCF0D9B58B}.Debug|x86.ActiveCfg = Debug|Any CPU
		{A20A6FFC-CC93-4BDC-B33B-FCFCF0D9B58B}.Debug|x86.Build.0 = Debug|Any CPU
		{A20A6FFC-CC93-4BDC-B33B-FCFCF0D9B58B}.Release|Any CPU.ActiveCfg = Release|Any CPU
		{A20A6FFC-CC93-4BDC-B33B-FCFCF0D9B58B}.Release|Any CPU.Build.0 = Release|Any CPU
		{A20A6FFC-CC93-4BDC-B33B-FCFCF0D9B58B}.Release|x64.ActiveCfg = Release|Any CPU
		{A20A6FFC-CC93-4BDC-B33B-FCFCF0D9B58B}.Release|x64.Build.0 = Release|Any CPU
		{A20A6FFC-CC93-4BDC-B33B-FCFCF0D9B58B}.Release|x86.ActiveCfg = Release|Any CPU
		{A20A6FFC-CC93-4BDC-B33B-FCFCF0D9B58B}.Release|x86.Build.0 = Release|Any CPU
		{99F794B3-B7A2-4A28-A63D-C848FDF4EA94}.Debug|Any CPU.ActiveCfg = Debug|Any CPU
		{99F794B3-B7A2-4A28-A63D-C848FDF4EA94}.Debug|Any CPU.Build.0 = Debug|Any CPU
		{99F794B3-B7A2-4A28-A63D-C848FDF4EA94}.Debug|x64.ActiveCfg = Debug|Any CPU
		{99F794B3-B7A2-4A28-A63D-C848FDF4EA94}.Debug|x64.Build.0 = Debug|Any CPU
		{99F794B3-B7A2-4A28-A63D-C848FDF4EA94}.Debug|x86.ActiveCfg = Debug|Any CPU
		{99F794B3-B7A2-4A28-A63D-C848FDF4EA94}.Debug|x86.Build.0 = Debug|Any CPU
		{99F794B3-B7A2-4A28-A63D-C848FDF4EA94}.Release|Any CPU.ActiveCfg = Release|Any CPU
		{99F794B3-B7A2-4A28-A63D-C848FDF4EA94}.Release|Any CPU.Build.0 = Release|Any CPU
		{99F794B3-B7A2-4A28-A63D-C848FDF4EA94}.Release|x64.ActiveCfg = Release|Any CPU
		{99F794B3-B7A2-4A28-A63D-C848FDF4EA94}.Release|x64.Build.0 = Release|Any CPU
		{99F794B3-B7A2-4A28-A63D-C848FDF4EA94}.Release|x86.ActiveCfg = Release|Any CPU
		{99F794B3-B7A2-4A28-A63D-C848FDF4EA94}.Release|x86.Build.0 = Release|Any CPU
		{86C83D4D-020B-4B9A-9A5C-2CBA32030756}.Debug|Any CPU.ActiveCfg = Debug|Any CPU
		{86C83D4D-020B-4B9A-9A5C-2CBA32030756}.Debug|Any CPU.Build.0 = Debug|Any CPU
		{86C83D4D-020B-4B9A-9A5C-2CBA32030756}.Debug|x64.ActiveCfg = Debug|Any CPU
		{86C83D4D-020B-4B9A-9A5C-2CBA32030756}.Debug|x64.Build.0 = Debug|Any CPU
		{86C83D4D-020B-4B9A-9A5C-2CBA32030756}.Debug|x86.ActiveCfg = Debug|Any CPU
		{86C83D4D-020B-4B9A-9A5C-2CBA32030756}.Debug|x86.Build.0 = Debug|Any CPU
		{86C83D4D-020B-4B9A-9A5C-2CBA32030756}.Release|Any CPU.ActiveCfg = Release|Any CPU
		{86C83D4D-020B-4B9A-9A5C-2CBA32030756}.Release|Any CPU.Build.0 = Release|Any CPU
		{86C83D4D-020B-4B9A-9A5C-2CBA32030756}.Release|x64.ActiveCfg = Release|Any CPU
		{86C83D4D-020B-4B9A-9A5C-2CBA32030756}.Release|x64.Build.0 = Release|Any CPU
		{86C83D4D-020B-4B9A-9A5C-2CBA32030756}.Release|x86.ActiveCfg = Release|Any CPU
		{86C83D4D-020B-4B9A-9A5C-2CBA32030756}.Release|x86.Build.0 = Release|Any CPU
	EndGlobalSection
	GlobalSection(SolutionProperties) = preSolution
		HideSolutionNode = FALSE
	EndGlobalSection
EndGlobal
